{
  "version": 4,
  "terraform_version": "1.5.7",
  "serial": 54,
  "lineage": "a1d562ae-2a74-a319-84a3-854f5ff3f091",
  "outputs": {},
  "resources": [
    {
      "module": "module.container",
      "mode": "managed",
      "type": "proxmox_lxc",
      "name": "basic",
      "provider": "module.container.provider[\"registry.terraform.io/telmate/proxmox\"]",
      "instances": [
        {
          "schema_version": 0,
          "attributes": {
            "arch": "amd64",
            "bwlimit": 0,
            "clone": null,
            "clone_storage": null,
            "cmode": "tty",
            "console": true,
            "cores": 0,
            "cpulimit": 0,
            "cpuunits": 1024,
            "current_node": "proxmox",
            "description": "",
            "features": [],
            "force": false,
            "full": null,
            "hagroup": "",
            "hastate": "",
            "hookscript": "",
            "hostname": "coredns",
            "id": "proxmox/lxc/100",
            "ignore_unpack_errors": false,
            "lock": "",
            "memory": 512,
            "mountpoint": [],
            "nameserver": "",
            "network": [
              {
                "bridge": "vmbr0",
                "firewall": false,
                "gw": "192.168.1.1",
                "gw6": "",
                "hwaddr": "BC:24:11:80:AA:9D",
                "id": 0,
                "ip": "192.168.1.200/24",
                "ip6": "",
                "mtu": 0,
                "name": "eth0",
                "rate": 0,
                "tag": 0,
                "trunks": "",
                "type": "veth"
              }
            ],
            "onboot": false,
            "ostemplate": "local:vztmpl/ubuntu-22.04-standard_22.04-1_amd64.tar.zst",
            "ostype": "ubuntu",
            "password": "BasicLXCContainer",
            "pool": null,
            "protection": false,
            "restore": false,
            "rootfs": [
              {
                "acl": false,
                "quota": false,
                "replicate": false,
                "ro": false,
                "shared": false,
                "size": "8G",
                "storage": "local",
                "volume": "local:100/vm-100-disk-0.raw"
              }
            ],
            "searchdomain": "",
            "ssh_public_keys": "ssh-rsa AAAAB3NzaC1yc2EAAAADAQABAAABgQDjk2nLGrl5JdbNDIpLcp1mDP+RX7T+S16iLQ2X1T2WcmjkBzW9/JokAS8z6QMeUVFjNzk44OQ0YHooZDUs0DLk5zsa5TiqKrvGT903s1sCKzm0gEXvNK7ImpGlKoFEGZnsSWLXM36Vacnh9EJweu/45y9w7I+8fXkYZuN91pph4LoO93vcsLs4pujy64T16TjlIYSnYQmovxWiirBoMvwJpL2QqAzCVfviQRQa8Qf65olhWxUJ/0PX/Tj56Et1g6ily64nw0/vD4N1pu9WHpgL0WwT9RX36/cZOPFOK6sOSq5kys9ouhL3h2KIVb+F02OKFsDSO9KVb+nv0woIFltnIKbm+H0i2BRE4+WjClWXMcfZgryhzx6rFTKBjRUeK+JMRu3NHB7N4LwW6IxqCev0UgSRmYlYjUSXnAEq38uv89zHEqkJt8hKi0DXj9oBFaCU+UjoVNpR7kQMYPXmM5MLFFAF73gC+vhiRr0XpQVDMSkEuk1xG+YM3m515cvgOh8= wafe@Chafes-MBP.lan\n",
            "start": true,
            "startup": "",
            "swap": 0,
            "tags": "",
            "target_node": "proxmox",
            "template": false,
            "timeouts": null,
            "tty": 2,
            "unique": false,
            "unprivileged": true,
            "unused": [],
            "vmid": 100
          },
          "sensitive_attributes": [],
          "private": "eyJlMmJmYjczMC1lY2FhLTExZTYtOGY4OC0zNDM2M2JjN2M0YzAiOnsiY3JlYXRlIjoxMjAwMDAwMDAwMDAwLCJkZWZhdWx0IjoxMjAwMDAwMDAwMDAwLCJkZWxldGUiOjEyMDAwMDAwMDAwMDAsInJlYWQiOjEyMDAwMDAwMDAwMDAsInVwZGF0ZSI6MTIwMDAwMDAwMDAwMH19"
        }
      ]
    },
    {
      "module": "module.container_gitlab",
      "mode": "managed",
      "type": "proxmox_lxc",
      "name": "basic",
      "provider": "module.container_gitlab.provider[\"registry.terraform.io/telmate/proxmox\"]",
      "instances": [
        {
          "schema_version": 0,
          "attributes": {
            "arch": "amd64",
            "bwlimit": 0,
            "clone": null,
            "clone_storage": null,
            "cmode": "tty",
            "console": true,
            "cores": 0,
            "cpulimit": 0,
            "cpuunits": 1024,
            "current_node": "proxmox",
            "description": "",
            "features": [],
            "force": false,
            "full": null,
            "hagroup": "",
            "hastate": "",
            "hookscript": "",
            "hostname": "gitlab",
            "id": "proxmox/lxc/101",
            "ignore_unpack_errors": false,
            "lock": "",
            "memory": 4096,
            "mountpoint": [],
            "nameserver": "",
            "network": [
              {
                "bridge": "vmbr0",
                "firewall": false,
                "gw": "192.168.1.1",
                "gw6": "",
                "hwaddr": "BC:24:11:93:D1:E0",
                "id": 0,
                "ip": "192.168.1.201/24",
                "ip6": "",
                "mtu": 0,
                "name": "eth0",
                "rate": 0,
                "tag": 0,
                "trunks": "",
                "type": "veth"
              }
            ],
            "onboot": false,
            "ostemplate": "local:vztmpl/debian-12-turnkey-gitlab_18.1-1_amd64.tar.gz",
            "ostype": "debian",
            "password": "BasicLXCContainer",
            "pool": null,
            "protection": false,
            "restore": false,
            "rootfs": [
              {
                "acl": false,
                "quota": false,
                "replicate": false,
                "ro": false,
                "shared": false,
                "size": "8G",
                "storage": "local",
                "volume": "local:101/vm-101-disk-0.raw"
              }
            ],
            "searchdomain": "",
            "ssh_public_keys": "ssh-rsa AAAAB3NzaC1yc2EAAAADAQABAAABgQDjk2nLGrl5JdbNDIpLcp1mDP+RX7T+S16iLQ2X1T2WcmjkBzW9/JokAS8z6QMeUVFjNzk44OQ0YHooZDUs0DLk5zsa5TiqKrvGT903s1sCKzm0gEXvNK7ImpGlKoFEGZnsSWLXM36Vacnh9EJweu/45y9w7I+8fXkYZuN91pph4LoO93vcsLs4pujy64T16TjlIYSnYQmovxWiirBoMvwJpL2QqAzCVfviQRQa8Qf65olhWxUJ/0PX/Tj56Et1g6ily64nw0/vD4N1pu9WHpgL0WwT9RX36/cZOPFOK6sOSq5kys9ouhL3h2KIVb+F02OKFsDSO9KVb+nv0woIFltnIKbm+H0i2BRE4+WjClWXMcfZgryhzx6rFTKBjRUeK+JMRu3NHB7N4LwW6IxqCev0UgSRmYlYjUSXnAEq38uv89zHEqkJt8hKi0DXj9oBFaCU+UjoVNpR7kQMYPXmM5MLFFAF73gC+vhiRr0XpQVDMSkEuk1xG+YM3m515cvgOh8= wafe@Chafes-MBP.lan\n",
            "start": true,
            "startup": "",
            "swap": 0,
            "tags": "",
            "target_node": "proxmox",
            "template": false,
            "timeouts": null,
            "tty": 2,
            "unique": false,
            "unprivileged": true,
            "unused": [],
            "vmid": 101
          },
          "sensitive_attributes": [],
          "private": "eyJlMmJmYjczMC1lY2FhLTExZTYtOGY4OC0zNDM2M2JjN2M0YzAiOnsiY3JlYXRlIjoxMjAwMDAwMDAwMDAwLCJkZWZhdWx0IjoxMjAwMDAwMDAwMDAwLCJkZWxldGUiOjEyMDAwMDAwMDAwMDAsInJlYWQiOjEyMDAwMDAwMDAwMDAsInVwZGF0ZSI6MTIwMDAwMDAwMDAwMH19"
        }
      ]
    }
  ],
  "check_results": null
}
